# This file is generated by running "yarn install" inside your project.
# Manual changes might be lost - proceed with caution!

__metadata:
  version: 4

"async@npm:^2.6.2":
  version: 2.6.3
  resolution: "async@npm:2.6.3"
  dependencies:
    lodash: ^4.17.14
  checksum: ff21db077c8d56f4b81d09d2942f7450889e9c073f1e39c2188ca63bae1e93753a692b36c3249f998a6213948291b4a4661df57430a9cf7009a22a8c8ce61e6e
  languageName: node
  linkType: hard

"basic-auth@npm:^1.0.3":
  version: 1.1.0
  resolution: "basic-auth@npm:1.1.0"
  checksum: 3715305912264caed7679aaad2d0f4bbd193d6bf902e40c0e6b81b1acca18961a19c96cf508d4bc5b98c4b41411b3f71b1f6d32533e644bd65ad47b81c71e31f
  languageName: node
  linkType: hard

"colors@npm:^1.4.0":
  version: 1.4.0
  resolution: "colors@npm:1.4.0"
  checksum: c138855287ed57a9daf09802b1749a8ef1eb6c274fa79a85ed80f723a9f1ce842a55b9b4df2165455267168124d1cf3a41e63757c2ecf95fd234c63c2c6af3db
  languageName: node
  linkType: hard

"corser@npm:^2.0.1":
  version: 2.0.1
  resolution: "corser@npm:2.0.1"
  checksum: 5c046692ff35a29af19927f01234b7e08fe97b04a1e7a57b11d3bc6b31c6a02c957ef8914ea7d7af4a43322cb891efbd23f4ad3dd86c253062b5c813ffa41089
  languageName: node
  linkType: hard

"debug@npm:^3.1.1":
  version: 3.2.6
  resolution: "debug@npm:3.2.6"
  dependencies:
    ms: ^2.1.1
  checksum: 09e1c273a1a77137b2fd2fa1ea072678344642991b947cdd694d6f93c4b0dc21bfbd37eb647305fdf18520d190dd3263b3d44a8e3275b72f365b9bb4060556d5
  languageName: node
  linkType: hard

"ecstatic@npm:^3.3.2":
  version: 3.3.2
  resolution: "ecstatic@npm:3.3.2"
  dependencies:
    he: ^1.1.1
    mime: ^1.6.0
    minimist: ^1.1.0
    url-join: ^2.0.5
  bin:
    ecstatic: ./lib/ecstatic.js
  checksum: 851b2a1f88c249dd62acf7df5db832bd0a5b12b6965dd3f0fd854ecb686abd55f6ae3ab2b1a2a794bc13a02eddf333eca0ac97b9eb5a71788187208773ec83a4
  languageName: node
  linkType: hard

"eventemitter3@npm:^4.0.0":
  version: 4.0.4
  resolution: "eventemitter3@npm:4.0.4"
  checksum: 6b7aaea55ededbfb798a8de8deed2bc13b4777d48c7f0bdd8022196f2a6319a9287a014534b314666d08cfc948f6eaec856fc69e5c1a7a3d6d458eec05ee0dba
  languageName: node
  linkType: hard

"follow-redirects@npm:^1.0.0":
  version: 1.12.1
  resolution: "follow-redirects@npm:1.12.1"
  checksum: 0f8d2ed8f13a5446f6e47028b5bd04da01253cdc1bebb27b6168609df1bab0eb3828a85f39a944d65c38cb28bd785c7d7ceb27a16c9547f4b52f4ddd3df33777
  languageName: node
  linkType: hard

"gsap@npm:^3.3.4":
  version: 3.3.4
  resolution: "gsap@npm:3.3.4"
  checksum: 3eeae30b475a4495737304329452b76fe8588d738e729ffa71483134c4a062f047b3de04531c758e238833e7b30f900ea38bc9b72bbcaf5bae3508707cfa84c2
  languageName: node
  linkType: hard

"he@npm:^1.1.1":
  version: 1.2.0
  resolution: "he@npm:1.2.0"
  bin:
    he: bin/he
  checksum: add92313ba1573e4e7682fcdfe91a80327119e1e562bd3d32364b5753a6f20fab6e806acff8beb48a278d5c92c5f1767c3dcdbf1e263c2b7e7d91b3d7f72c9c2
  languageName: node
  linkType: hard

"http-proxy@npm:^1.18.0":
  version: 1.18.1
  resolution: "http-proxy@npm:1.18.1"
  dependencies:
    eventemitter3: ^4.0.0
    follow-redirects: ^1.0.0
    requires-port: ^1.0.0
  checksum: 643dea68ed0b78c0bdd8741c95be773cc3dae4e69b9c94fb6029e28ec7d31b329a7db57858d75ff4b6142681aaa81417a3709eaf84aa61e3be92c9b91173b28c
  languageName: node
  linkType: hard

"http-server@npm:^0.12.3":
  version: 0.12.3
  resolution: "http-server@npm:0.12.3"
  dependencies:
    basic-auth: ^1.0.3
    colors: ^1.4.0
    corser: ^2.0.1
    ecstatic: ^3.3.2
    http-proxy: ^1.18.0
    minimist: ^1.2.5
    opener: ^1.5.1
    portfinder: ^1.0.25
    secure-compare: 3.0.1
    union: ~0.5.0
  bin:
    hs: bin/http-server
    http-server: bin/http-server
  checksum: bf371e6efebbb1ff3564cc87fddb58aef8f75b88e95887356e113b86096abad8c3c9e080c09c8e66cfda5a10fd0715f0a5504b02a76818f9240ba66bde2756a2
  languageName: node
  linkType: hard

"lodash@npm:^4.17.14":
  version: 4.17.15
  resolution: "lodash@npm:4.17.15"
  checksum: b018ec8d4c95f14a4b57005a247eca1bc25639322939471a1958d3bc721b4f18e90edb6ea564854593a8bc1f94956a0352cf0cd372991b98c42d61c0cd11e5a3
  languageName: node
  linkType: hard

"mime@npm:^1.6.0":
  version: 1.6.0
  resolution: "mime@npm:1.6.0"
  bin:
    mime: cli.js
  checksum: ac3dc5d97099c067a010769305330735b3b1fc0d1893f0a050c8fde428daab93a351fd3fec1dfdd10f6eb02682a94b0a690ca2f762c0dac32b82334f3e798176
  languageName: node
  linkType: hard

"minimist@npm:^1.1.0, minimist@npm:^1.2.5":
  version: 1.2.5
  resolution: "minimist@npm:1.2.5"
  checksum: 5ac4259ffedd770e1533f352a5ddf4e6196fb296c2ab43b982b30ddf47ae348e6fe8b9f4c359092fe110ac4385315e70fd7d029e306622f87f6f71676460f006
  languageName: node
  linkType: hard

"mkdirp@npm:^0.5.1":
  version: 0.5.5
  resolution: "mkdirp@npm:0.5.5"
  dependencies:
    minimist: ^1.2.5
  bin:
    mkdirp: bin/cmd.js
  checksum: 2feda58ba711f4a8e3eb377b24f44f273b78d19361033894292b677b1d50d6dd926a4c2c06213a78dead4196efca06e4fe4aa3ad0173faa19924f1197a924fdb
  languageName: node
  linkType: hard

"motext@workspace:.":
  version: 0.0.0-use.local
  resolution: "motext@workspace:."
  dependencies:
    gsap: ^3.3.4
    http-server: ^0.12.3
  languageName: unknown
  linkType: soft

"ms@npm:^2.1.1":
  version: 2.1.2
  resolution: "ms@npm:2.1.2"
  checksum: 2a3d955e5199024d4b18630ff47c21b52703a5e892615ae233486b8108f26b5493736009754263eebae765ab79d6e20327dad6e52d7843b689d404245e286549
  languageName: node
  linkType: hard

"opener@npm:^1.5.1":
  version: 1.5.1
  resolution: "opener@npm:1.5.1"
  bin:
    opener: bin/opener-bin.js
  checksum: 730a4caf7f780ffc634c7596f305358cacb772b2ed6757b1318c19ad2a26f9064f5a161a3709891dd450f46df84fb96f093a663a26da70f1e6775da230c4f1aa
  languageName: node
  linkType: hard

"portfinder@npm:^1.0.25":
  version: 1.0.26
  resolution: "portfinder@npm:1.0.26"
  dependencies:
    async: ^2.6.2
    debug: ^3.1.1
    mkdirp: ^0.5.1
  checksum: 9a17f0a62fac452b6eae2399558e581d891c3257f4c9ee378987bfa2bc87e27ce074381868d2660a267d5ac8302bcd2648069260568e03714db1495ca0cfd480
  languageName: node
  linkType: hard

"qs@npm:^6.4.0":
  version: 6.9.4
  resolution: "qs@npm:6.9.4"
  checksum: c35763402a9a24425599d4e6aa401b0979bd74cfd7c75d2a6791dc022d333a573904ca2b99e22c1677de492931672e40588cc541ca43ddabe80e87bf5624909f
  languageName: node
  linkType: hard

"requires-port@npm:^1.0.0":
  version: 1.0.0
  resolution: "requires-port@npm:1.0.0"
  checksum: f60f1255d7f028cf03b253ad101bb60e15865d42015fc828e257de445a7709c816a26fee3f1d184a81ef66d37e4e5d21d9b94bb652a739c338a34b5e8ed8daa1
  languageName: node
  linkType: hard

"secure-compare@npm:3.0.1":
  version: 3.0.1
  resolution: "secure-compare@npm:3.0.1"
  checksum: ab112f297521a6198d5d421fe9a770c4a4786844e16789db40c11d453811749844b3b2ce83db24e1549d37f2c64223204a0d012bcbce9f78e38c09b16be5e224
  languageName: node
  linkType: hard

"union@npm:~0.5.0":
  version: 0.5.0
  resolution: "union@npm:0.5.0"
  dependencies:
    qs: ^6.4.0
  checksum: 4dfc1502fa951d78d4bd1361df54162d3c9339f0761a2db3fd8ace0e5f292ae48569d1c6a9e8781452c3ef4e49807c086f3453261b16e9b143241fc9ee9eb670
  languageName: node
  linkType: hard

"url-join@npm:^2.0.5":
  version: 2.0.5
  resolution: "url-join@npm:2.0.5"
  checksum: 9f08d713fdd507fe344a6b943cb04ec84239ed1e4acaa5dd90772b7f90a53218ddf7bb461d6ae9aabba3174fa329ed70d8e8513c810bfdbfca4dc1dd5d3dcfbe
  languageName: node
  linkType: hard
